// !$*UTF8*$!
{
	archiveVersion = 1;
	classes = {
	};
	objectVersion = 56;
	objects = {

/* Begin PBXBuildFile section */
		E41273A22940AD1200AE1D4A /* Detents.swift in Sources */ = {isa = PBXBuildFile; fileRef = E41273A12940AD1200AE1D4A /* Detents.swift */; };
		E41EBDA2292C79F800FB3402 /* AppDelegate.swift in Sources */ = {isa = PBXBuildFile; fileRef = E41EBDA1292C79F800FB3402 /* AppDelegate.swift */; };
		E41EBDA4292C79F800FB3402 /* SceneDelegate.swift in Sources */ = {isa = PBXBuildFile; fileRef = E41EBDA3292C79F800FB3402 /* SceneDelegate.swift */; };
		E41EBDA6292C79F800FB3402 /* ViewController.swift in Sources */ = {isa = PBXBuildFile; fileRef = E41EBDA5292C79F800FB3402 /* ViewController.swift */; };
		E41EBDA9292C79F800FB3402 /* Main.storyboard in Resources */ = {isa = PBXBuildFile; fileRef = E41EBDA7292C79F800FB3402 /* Main.storyboard */; };
		E41EBDAB292C79F900FB3402 /* Assets.xcassets in Resources */ = {isa = PBXBuildFile; fileRef = E41EBDAA292C79F900FB3402 /* Assets.xcassets */; };
		E41EBDAE292C79F900FB3402 /* LaunchScreen.storyboard in Resources */ = {isa = PBXBuildFile; fileRef = E41EBDAC292C79F900FB3402 /* LaunchScreen.storyboard */; };
		E422B268293AFE48009A0802 /* TableViewController.swift in Sources */ = {isa = PBXBuildFile; fileRef = E422B267293AFE48009A0802 /* TableViewController.swift */; };
		E422B26A293D8F35009A0802 /* DetailViewController.swift in Sources */ = {isa = PBXBuildFile; fileRef = E422B269293D8F35009A0802 /* DetailViewController.swift */; };
		E422B26C293EE0EA009A0802 /* SheetNavigationController.swift in Sources */ = {isa = PBXBuildFile; fileRef = E422B26B293EE0EA009A0802 /* SheetNavigationController.swift */; };
		E431DB5B294F9E6B0080C4B7 /* SheetInteraction_SPM.framework in Frameworks */ = {isa = PBXBuildFile; fileRef = E4861245294D3DFE00E47E7D /* SheetInteraction_SPM.framework */; };
		E431DB5C294F9E6B0080C4B7 /* SheetInteraction_SPM.framework in Embed Frameworks */ = {isa = PBXBuildFile; fileRef = E4861245294D3DFE00E47E7D /* SheetInteraction_SPM.framework */; settings = {ATTRIBUTES = (CodeSignOnCopy, RemoveHeadersOnCopy, ); }; };
		E431DB6B29553EAC0080C4B7 /* SheetRootView.swift in Sources */ = {isa = PBXBuildFile; fileRef = E431DB6A29553EAC0080C4B7 /* SheetRootView.swift */; };
		E431DB6D295A7B560080C4B7 /* SheetTableView.swift in Sources */ = {isa = PBXBuildFile; fileRef = E431DB6C295A7B560080C4B7 /* SheetTableView.swift */; };
		E4861248294D3DFE00E47E7D /* SheetInteraction_SPM.h in Headers */ = {isa = PBXBuildFile; fileRef = E4861247294D3DFE00E47E7D /* SheetInteraction_SPM.h */; settings = {ATTRIBUTES = (Public, ); }; };
		E486125F294F969700E47E7D /* SheetInteraction+Change.swift in Sources */ = {isa = PBXBuildFile; fileRef = E4BD1439294730CB002C7617 /* SheetInteraction+Change.swift */; };
		E4861260294F969700E47E7D /* SheetLayoutInfo.swift in Sources */ = {isa = PBXBuildFile; fileRef = E4169E292946E22400A80641 /* SheetLayoutInfo.swift */; };
		E4861261294F969700E47E7D /* Detent.swift in Sources */ = {isa = PBXBuildFile; fileRef = E4BD143329472EE6002C7617 /* Detent.swift */; };
		E4861262294F969700E47E7D /* SheetInteraction.swift in Sources */ = {isa = PBXBuildFile; fileRef = E422B26F294041CD009A0802 /* SheetInteraction.swift */; };
		E4861263294F969700E47E7D /* PanDirection.swift in Sources */ = {isa = PBXBuildFile; fileRef = E422B26D29402BE5009A0802 /* PanDirection.swift */; };
		E4861264294F969700E47E7D /* DetentResolutionContext.swift in Sources */ = {isa = PBXBuildFile; fileRef = E4169E2B2946F29F00A80641 /* DetentResolutionContext.swift */; };
		E4861265294F969700E47E7D /* Sheet+LayoutInfo.swift in Sources */ = {isa = PBXBuildFile; fileRef = E4BD143729472F42002C7617 /* Sheet+LayoutInfo.swift */; };
		E4861266294F969700E47E7D /* Sheet+Detents.swift in Sources */ = {isa = PBXBuildFile; fileRef = E4BD143529472F2B002C7617 /* Sheet+Detents.swift */; };
		E4C721B62942C839007AB243 /* NavigationController+Modal.swift in Sources */ = {isa = PBXBuildFile; fileRef = E4C721B52942C839007AB243 /* NavigationController+Modal.swift */; };
/* End PBXBuildFile section */

/* Begin PBXContainerItemProxy section */
		E431DB5D294F9E6B0080C4B7 /* PBXContainerItemProxy */ = {
			isa = PBXContainerItemProxy;
			containerPortal = E41EBD96292C79F800FB3402 /* Project object */;
			proxyType = 1;
			remoteGlobalIDString = E4861244294D3DFE00E47E7D;
			remoteInfo = "SheetInteraction-SPM";
		};
/* End PBXContainerItemProxy section */

/* Begin PBXCopyFilesBuildPhase section */
		E431DB5F294F9E6B0080C4B7 /* Embed Frameworks */ = {
			isa = PBXCopyFilesBuildPhase;
			buildActionMask = 2147483647;
			dstPath = "";
			dstSubfolderSpec = 10;
			files = (
				E431DB5C294F9E6B0080C4B7 /* SheetInteraction_SPM.framework in Embed Frameworks */,
			);
			name = "Embed Frameworks";
			runOnlyForDeploymentPostprocessing = 0;
		};
/* End PBXCopyFilesBuildPhase section */

/* Begin PBXFileReference section */
		E41273A12940AD1200AE1D4A /* Detents.swift */ = {isa = PBXFileReference; lastKnownFileType = sourcecode.swift; path = Detents.swift; sourceTree = "<group>"; };
		E4169E292946E22400A80641 /* SheetLayoutInfo.swift */ = {isa = PBXFileReference; lastKnownFileType = sourcecode.swift; path = SheetLayoutInfo.swift; sourceTree = "<group>"; };
		E4169E2B2946F29F00A80641 /* DetentResolutionContext.swift */ = {isa = PBXFileReference; lastKnownFileType = sourcecode.swift; path = DetentResolutionContext.swift; sourceTree = "<group>"; };
		E41EBD9E292C79F800FB3402 /* SheetInteraction.app */ = {isa = PBXFileReference; explicitFileType = wrapper.application; includeInIndex = 0; path = SheetInteraction.app; sourceTree = BUILT_PRODUCTS_DIR; };
		E41EBDA1292C79F800FB3402 /* AppDelegate.swift */ = {isa = PBXFileReference; lastKnownFileType = sourcecode.swift; path = AppDelegate.swift; sourceTree = "<group>"; };
		E41EBDA3292C79F800FB3402 /* SceneDelegate.swift */ = {isa = PBXFileReference; lastKnownFileType = sourcecode.swift; path = SceneDelegate.swift; sourceTree = "<group>"; };
		E41EBDA5292C79F800FB3402 /* ViewController.swift */ = {isa = PBXFileReference; lastKnownFileType = sourcecode.swift; path = ViewController.swift; sourceTree = "<group>"; };
		E41EBDA8292C79F800FB3402 /* Base */ = {isa = PBXFileReference; lastKnownFileType = file.storyboard; name = Base; path = Base.lproj/Main.storyboard; sourceTree = "<group>"; };
		E41EBDAA292C79F900FB3402 /* Assets.xcassets */ = {isa = PBXFileReference; lastKnownFileType = folder.assetcatalog; path = Assets.xcassets; sourceTree = "<group>"; };
		E41EBDAD292C79F900FB3402 /* Base */ = {isa = PBXFileReference; lastKnownFileType = file.storyboard; name = Base; path = Base.lproj/LaunchScreen.storyboard; sourceTree = "<group>"; };
		E41EBDAF292C79FA00FB3402 /* Info.plist */ = {isa = PBXFileReference; lastKnownFileType = text.plist.xml; path = Info.plist; sourceTree = "<group>"; };
		E422B267293AFE48009A0802 /* TableViewController.swift */ = {isa = PBXFileReference; lastKnownFileType = sourcecode.swift; path = TableViewController.swift; sourceTree = "<group>"; };
		E422B269293D8F35009A0802 /* DetailViewController.swift */ = {isa = PBXFileReference; lastKnownFileType = sourcecode.swift; path = DetailViewController.swift; sourceTree = "<group>"; };
		E422B26B293EE0EA009A0802 /* SheetNavigationController.swift */ = {isa = PBXFileReference; lastKnownFileType = sourcecode.swift; path = SheetNavigationController.swift; sourceTree = "<group>"; };
		E422B26D29402BE5009A0802 /* PanDirection.swift */ = {isa = PBXFileReference; lastKnownFileType = sourcecode.swift; path = PanDirection.swift; sourceTree = "<group>"; };
		E422B26F294041CD009A0802 /* SheetInteraction.swift */ = {isa = PBXFileReference; lastKnownFileType = sourcecode.swift; path = SheetInteraction.swift; sourceTree = "<group>"; };
		E431DB6A29553EAC0080C4B7 /* SheetRootView.swift */ = {isa = PBXFileReference; lastKnownFileType = sourcecode.swift; path = SheetRootView.swift; sourceTree = "<group>"; };
		E431DB6C295A7B560080C4B7 /* SheetTableView.swift */ = {isa = PBXFileReference; lastKnownFileType = sourcecode.swift; path = SheetTableView.swift; sourceTree = "<group>"; };
		E486123B294D3D4E00E47E7D /* Package.swift */ = {isa = PBXFileReference; lastKnownFileType = sourcecode.swift; path = Package.swift; sourceTree = "<group>"; };
		E4861245294D3DFE00E47E7D /* SheetInteraction_SPM.framework */ = {isa = PBXFileReference; explicitFileType = wrapper.framework; includeInIndex = 0; path = SheetInteraction_SPM.framework; sourceTree = BUILT_PRODUCTS_DIR; };
		E4861247294D3DFE00E47E7D /* SheetInteraction_SPM.h */ = {isa = PBXFileReference; lastKnownFileType = sourcecode.c.h; path = SheetInteraction_SPM.h; sourceTree = "<group>"; };
		E486124E294D3E4E00E47E7D /* TestSheetTest.swift */ = {isa = PBXFileReference; lastKnownFileType = sourcecode.swift; path = TestSheetTest.swift; sourceTree = "<group>"; };
		E4BD143329472EE6002C7617 /* Detent.swift */ = {isa = PBXFileReference; lastKnownFileType = sourcecode.swift; path = Detent.swift; sourceTree = "<group>"; };
		E4BD143529472F2B002C7617 /* Sheet+Detents.swift */ = {isa = PBXFileReference; lastKnownFileType = sourcecode.swift; path = "Sheet+Detents.swift"; sourceTree = "<group>"; };
		E4BD143729472F42002C7617 /* Sheet+LayoutInfo.swift */ = {isa = PBXFileReference; lastKnownFileType = sourcecode.swift; path = "Sheet+LayoutInfo.swift"; sourceTree = "<group>"; };
		E4BD1439294730CB002C7617 /* SheetInteraction+Change.swift */ = {isa = PBXFileReference; lastKnownFileType = sourcecode.swift; path = "SheetInteraction+Change.swift"; sourceTree = "<group>"; };
		E4C721B52942C839007AB243 /* NavigationController+Modal.swift */ = {isa = PBXFileReference; lastKnownFileType = sourcecode.swift; path = "NavigationController+Modal.swift"; sourceTree = "<group>"; };
/* End PBXFileReference section */

/* Begin PBXFrameworksBuildPhase section */
		E41EBD9B292C79F800FB3402 /* Frameworks */ = {
			isa = PBXFrameworksBuildPhase;
			buildActionMask = 2147483647;
			files = (
				E431DB5B294F9E6B0080C4B7 /* SheetInteraction_SPM.framework in Frameworks */,
			);
			runOnlyForDeploymentPostprocessing = 0;
		};
		E4861242294D3DFE00E47E7D /* Frameworks */ = {
			isa = PBXFrameworksBuildPhase;
			buildActionMask = 2147483647;
			files = (
			);
			runOnlyForDeploymentPostprocessing = 0;
		};
/* End PBXFrameworksBuildPhase section */

/* Begin PBXGroup section */
		E41EBD95292C79F800FB3402 = {
			isa = PBXGroup;
			children = (
				E486123B294D3D4E00E47E7D /* Package.swift */,
				E486123E294D3D9C00E47E7D /* Sources */,
				E486123D294D3D9100E47E7D /* Tests */,
				E4861246294D3DFE00E47E7D /* SheetInteraction-SPM */,
				E41EBD9F292C79F800FB3402 /* Products */,
				E431DB5A294F9E6B0080C4B7 /* Frameworks */,
			);
			sourceTree = "<group>";
		};
		E41EBD9F292C79F800FB3402 /* Products */ = {
			isa = PBXGroup;
			children = (
				E41EBD9E292C79F800FB3402 /* SheetInteraction.app */,
				E4861245294D3DFE00E47E7D /* SheetInteraction_SPM.framework */,
			);
			name = Products;
			sourceTree = "<group>";
		};
		E41EBDA0292C79F800FB3402 /* Example */ = {
			isa = PBXGroup;
			children = (
				E41EBDA1292C79F800FB3402 /* AppDelegate.swift */,
				E41EBDA3292C79F800FB3402 /* SceneDelegate.swift */,
				E4C721B52942C839007AB243 /* NavigationController+Modal.swift */,
				E41273A12940AD1200AE1D4A /* Detents.swift */,
				E41EBDA5292C79F800FB3402 /* ViewController.swift */,
				E422B26B293EE0EA009A0802 /* SheetNavigationController.swift */,
				E422B267293AFE48009A0802 /* TableViewController.swift */,
				E422B269293D8F35009A0802 /* DetailViewController.swift */,
				E41EBDA7292C79F800FB3402 /* Main.storyboard */,
				E41EBDAA292C79F900FB3402 /* Assets.xcassets */,
				E41EBDAC292C79F900FB3402 /* LaunchScreen.storyboard */,
				E41EBDAF292C79FA00FB3402 /* Info.plist */,
				E431DB6A29553EAC0080C4B7 /* SheetRootView.swift */,
				E431DB6C295A7B560080C4B7 /* SheetTableView.swift */,
			);
			path = Example;
			sourceTree = "<group>";
		};
		E431DB5A294F9E6B0080C4B7 /* Frameworks */ = {
			isa = PBXGroup;
			children = (
			);
			name = Frameworks;
			sourceTree = "<group>";
		};
		E486123D294D3D9100E47E7D /* Tests */ = {
			isa = PBXGroup;
			children = (
				E486123F294D3DAE00E47E7D /* SheetInteractionTests */,
			);
			path = Tests;
			sourceTree = "<group>";
		};
		E486123E294D3D9C00E47E7D /* Sources */ = {
			isa = PBXGroup;
			children = (
				E4BD143329472EE6002C7617 /* Detent.swift */,
				E4169E2B2946F29F00A80641 /* DetentResolutionContext.swift */,
				E422B26D29402BE5009A0802 /* PanDirection.swift */,
				E4BD143529472F2B002C7617 /* Sheet+Detents.swift */,
				E4BD143729472F42002C7617 /* Sheet+LayoutInfo.swift */,
				E4169E292946E22400A80641 /* SheetLayoutInfo.swift */,
				E4BD1439294730CB002C7617 /* SheetInteraction+Change.swift */,
				E422B26F294041CD009A0802 /* SheetInteraction.swift */,
				E41EBDA0292C79F800FB3402 /* Example */,
			);
			path = Sources;
			sourceTree = "<group>";
		};
		E486123F294D3DAE00E47E7D /* SheetInteractionTests */ = {
			isa = PBXGroup;
			children = (
				E486124E294D3E4E00E47E7D /* TestSheetTest.swift */,
			);
			path = SheetInteractionTests;
			sourceTree = "<group>";
		};
		E4861246294D3DFE00E47E7D /* SheetInteraction-SPM */ = {
			isa = PBXGroup;
			children = (
				E4861247294D3DFE00E47E7D /* SheetInteraction_SPM.h */,
			);
			path = "SheetInteraction-SPM";
			sourceTree = "<group>";
		};
/* End PBXGroup section */

/* Begin PBXHeadersBuildPhase section */
		E4861240294D3DFE00E47E7D /* Headers */ = {
			isa = PBXHeadersBuildPhase;
			buildActionMask = 2147483647;
			files = (
				E4861248294D3DFE00E47E7D /* SheetInteraction_SPM.h in Headers */,
			);
			runOnlyForDeploymentPostprocessing = 0;
		};
/* End PBXHeadersBuildPhase section */

/* Begin PBXNativeTarget section */
		E41EBD9D292C79F800FB3402 /* SheetInteraction */ = {
			isa = PBXNativeTarget;
			buildConfigurationList = E41EBDB2292C79FA00FB3402 /* Build configuration list for PBXNativeTarget "SheetInteraction" */;
			buildPhases = (
				E41EBD9A292C79F800FB3402 /* Sources */,
				E41EBD9B292C79F800FB3402 /* Frameworks */,
				E41EBD9C292C79F800FB3402 /* Resources */,
				E431DB5F294F9E6B0080C4B7 /* Embed Frameworks */,
			);
			buildRules = (
			);
			dependencies = (
				E431DB5E294F9E6B0080C4B7 /* PBXTargetDependency */,
			);
			name = SheetInteraction;
			productName = TestModal;
			productReference = E41EBD9E292C79F800FB3402 /* SheetInteraction.app */;
			productType = "com.apple.product-type.application";
		};
		E4861244294D3DFE00E47E7D /* SheetInteraction-SPM */ = {
			isa = PBXNativeTarget;
			buildConfigurationList = E4861249294D3DFE00E47E7D /* Build configuration list for PBXNativeTarget "SheetInteraction-SPM" */;
			buildPhases = (
				E4861240294D3DFE00E47E7D /* Headers */,
				E4861241294D3DFE00E47E7D /* Sources */,
				E4861242294D3DFE00E47E7D /* Frameworks */,
				E4861243294D3DFE00E47E7D /* Resources */,
			);
			buildRules = (
			);
			dependencies = (
			);
			name = "SheetInteraction-SPM";
			productName = "SheetInteraction-SPM";
			productReference = E4861245294D3DFE00E47E7D /* SheetInteraction_SPM.framework */;
			productType = "com.apple.product-type.framework";
		};
/* End PBXNativeTarget section */

/* Begin PBXProject section */
		E41EBD96292C79F800FB3402 /* Project object */ = {
			isa = PBXProject;
			attributes = {
				BuildIndependentTargetsInParallel = 1;
				LastSwiftUpdateCheck = 1410;
				LastUpgradeCheck = 1410;
				TargetAttributes = {
					E41EBD9D292C79F800FB3402 = {
						CreatedOnToolsVersion = 14.1;
					};
					E4861244294D3DFE00E47E7D = {
						CreatedOnToolsVersion = 14.2;
						LastSwiftMigration = 1420;
					};
				};
			};
			buildConfigurationList = E41EBD99292C79F800FB3402 /* Build configuration list for PBXProject "SheetInteraction" */;
			compatibilityVersion = "Xcode 14.0";
			developmentRegion = en;
			hasScannedForEncodings = 0;
			knownRegions = (
				en,
				Base,
			);
			mainGroup = E41EBD95292C79F800FB3402;
			productRefGroup = E41EBD9F292C79F800FB3402 /* Products */;
			projectDirPath = "";
			projectRoot = "";
			targets = (
				E41EBD9D292C79F800FB3402 /* SheetInteraction */,
				E4861244294D3DFE00E47E7D /* SheetInteraction-SPM */,
			);
		};
/* End PBXProject section */

/* Begin PBXResourcesBuildPhase section */
		E41EBD9C292C79F800FB3402 /* Resources */ = {
			isa = PBXResourcesBuildPhase;
			buildActionMask = 2147483647;
			files = (
				E41EBDAE292C79F900FB3402 /* LaunchScreen.storyboard in Resources */,
				E41EBDAB292C79F900FB3402 /* Assets.xcassets in Resources */,
				E41EBDA9292C79F800FB3402 /* Main.storyboard in Resources */,
			);
			runOnlyForDeploymentPostprocessing = 0;
		};
		E4861243294D3DFE00E47E7D /* Resources */ = {
			isa = PBXResourcesBuildPhase;
			buildActionMask = 2147483647;
			files = (
			);
			runOnlyForDeploymentPostprocessing = 0;
		};
/* End PBXResourcesBuildPhase section */

/* Begin PBXSourcesBuildPhase section */
		E41EBD9A292C79F800FB3402 /* Sources */ = {
			isa = PBXSourcesBuildPhase;
			buildActionMask = 2147483647;
			files = (
				E41273A22940AD1200AE1D4A /* Detents.swift in Sources */,
				E431DB6D295A7B560080C4B7 /* SheetTableView.swift in Sources */,
				E41EBDA6292C79F800FB3402 /* ViewController.swift in Sources */,
				E4C721B62942C839007AB243 /* NavigationController+Modal.swift in Sources */,
				E422B26C293EE0EA009A0802 /* SheetNavigationController.swift in Sources */,
				E431DB6B29553EAC0080C4B7 /* SheetRootView.swift in Sources */,
				E41EBDA2292C79F800FB3402 /* AppDelegate.swift in Sources */,
				E422B26A293D8F35009A0802 /* DetailViewController.swift in Sources */,
				E41EBDA4292C79F800FB3402 /* SceneDelegate.swift in Sources */,
				E422B268293AFE48009A0802 /* TableViewController.swift in Sources */,
			);
			runOnlyForDeploymentPostprocessing = 0;
		};
		E4861241294D3DFE00E47E7D /* Sources */ = {
			isa = PBXSourcesBuildPhase;
			buildActionMask = 2147483647;
			files = (
				E486125F294F969700E47E7D /* SheetInteraction+Change.swift in Sources */,
				E4861260294F969700E47E7D /* SheetLayoutInfo.swift in Sources */,
				E4861263294F969700E47E7D /* PanDirection.swift in Sources */,
				E4861261294F969700E47E7D /* Detent.swift in Sources */,
				E4861264294F969700E47E7D /* DetentResolutionContext.swift in Sources */,
				E4861262294F969700E47E7D /* SheetInteraction.swift in Sources */,
				E4861266294F969700E47E7D /* Sheet+Detents.swift in Sources */,
				E4861265294F969700E47E7D /* Sheet+LayoutInfo.swift in Sources */,
			);
			runOnlyForDeploymentPostprocessing = 0;
		};
/* End PBXSourcesBuildPhase section */

/* Begin PBXTargetDependency section */
		E431DB5E294F9E6B0080C4B7 /* PBXTargetDependency */ = {
			isa = PBXTargetDependency;
			target = E4861244294D3DFE00E47E7D /* SheetInteraction-SPM */;
			targetProxy = E431DB5D294F9E6B0080C4B7 /* PBXContainerItemProxy */;
		};
/* End PBXTargetDependency section */

/* Begin PBXVariantGroup section */
		E41EBDA7292C79F800FB3402 /* Main.storyboard */ = {
			isa = PBXVariantGroup;
			children = (
				E41EBDA8292C79F800FB3402 /* Base */,
			);
			name = Main.storyboard;
			sourceTree = "<group>";
		};
		E41EBDAC292C79F900FB3402 /* LaunchScreen.storyboard */ = {
			isa = PBXVariantGroup;
			children = (
				E41EBDAD292C79F900FB3402 /* Base */,
			);
			name = LaunchScreen.storyboard;
			sourceTree = "<group>";
		};
/* End PBXVariantGroup section */

/* Begin XCBuildConfiguration section */
		E41EBDB0292C79FA00FB3402 /* Debug */ = {
			isa = XCBuildConfiguration;
			buildSettings = {
				ALWAYS_SEARCH_USER_PATHS = NO;
				CLANG_ANALYZER_NONNULL = YES;
				CLANG_ANALYZER_NUMBER_OBJECT_CONVERSION = YES_AGGRESSIVE;
				CLANG_CXX_LANGUAGE_STANDARD = "gnu++20";
				CLANG_ENABLE_MODULES = YES;
				CLANG_ENABLE_OBJC_ARC = YES;
				CLANG_ENABLE_OBJC_WEAK = YES;
				CLANG_WARN_BLOCK_CAPTURE_AUTORELEASING = YES;
				CLANG_WARN_BOOL_CONVERSION = YES;
				CLANG_WARN_COMMA = YES;
				CLANG_WARN_CONSTANT_CONVERSION = YES;
				CLANG_WARN_DEPRECATED_OBJC_IMPLEMENTATIONS = YES;
				CLANG_WARN_DIRECT_OBJC_ISA_USAGE = YES_ERROR;
				CLANG_WARN_DOCUMENTATION_COMMENTS = YES;
				CLANG_WARN_EMPTY_BODY = YES;
				CLANG_WARN_ENUM_CONVERSION = YES;
				CLANG_WARN_INFINITE_RECURSION = YES;
				CLANG_WARN_INT_CONVERSION = YES;
				CLANG_WARN_NON_LITERAL_NULL_CONVERSION = YES;
				CLANG_WARN_OBJC_IMPLICIT_RETAIN_SELF = YES;
				CLANG_WARN_OBJC_LITERAL_CONVERSION = YES;
				CLANG_WARN_OBJC_ROOT_CLASS = YES_ERROR;
				CLANG_WARN_QUOTED_INCLUDE_IN_FRAMEWORK_HEADER = YES;
				CLANG_WARN_RANGE_LOOP_ANALYSIS = YES;
				CLANG_WARN_STRICT_PROTOTYPES = YES;
				CLANG_WARN_SUSPICIOUS_MOVE = YES;
				CLANG_WARN_UNGUARDED_AVAILABILITY = YES_AGGRESSIVE;
				CLANG_WARN_UNREACHABLE_CODE = YES;
				CLANG_WARN__DUPLICATE_METHOD_MATCH = YES;
				COPY_PHASE_STRIP = NO;
				DEBUG_INFORMATION_FORMAT = dwarf;
				ENABLE_STRICT_OBJC_MSGSEND = YES;
				ENABLE_TESTABILITY = YES;
				GCC_C_LANGUAGE_STANDARD = gnu11;
				GCC_DYNAMIC_NO_PIC = NO;
				GCC_NO_COMMON_BLOCKS = YES;
				GCC_OPTIMIZATION_LEVEL = 0;
				GCC_PREPROCESSOR_DEFINITIONS = (
					"DEBUG=1",
					"$(inherited)",
				);
				GCC_WARN_64_TO_32_BIT_CONVERSION = YES;
				GCC_WARN_ABOUT_RETURN_TYPE = YES_ERROR;
				GCC_WARN_UNDECLARED_SELECTOR = YES;
				GCC_WARN_UNINITIALIZED_AUTOS = YES_AGGRESSIVE;
				GCC_WARN_UNUSED_FUNCTION = YES;
				GCC_WARN_UNUSED_VARIABLE = YES;
				IPHONEOS_DEPLOYMENT_TARGET = 16.1;
				MTL_ENABLE_DEBUG_INFO = INCLUDE_SOURCE;
				MTL_FAST_MATH = YES;
				ONLY_ACTIVE_ARCH = YES;
				SDKROOT = iphoneos;
				SWIFT_ACTIVE_COMPILATION_CONDITIONS = DEBUG;
				SWIFT_OPTIMIZATION_LEVEL = "-Onone";
			};
			name = Debug;
		};
		E41EBDB1292C79FA00FB3402 /* Release */ = {
			isa = XCBuildConfiguration;
			buildSettings = {
				ALWAYS_SEARCH_USER_PATHS = NO;
				CLANG_ANALYZER_NONNULL = YES;
				CLANG_ANALYZER_NUMBER_OBJECT_CONVERSION = YES_AGGRESSIVE;
				CLANG_CXX_LANGUAGE_STANDARD = "gnu++20";
				CLANG_ENABLE_MODULES = YES;
				CLANG_ENABLE_OBJC_ARC = YES;
				CLANG_ENABLE_OBJC_WEAK = YES;
				CLANG_WARN_BLOCK_CAPTURE_AUTORELEASING = YES;
				CLANG_WARN_BOOL_CONVERSION = YES;
				CLANG_WARN_COMMA = YES;
				CLANG_WARN_CONSTANT_CONVERSION = YES;
				CLANG_WARN_DEPRECATED_OBJC_IMPLEMENTATIONS = YES;
				CLANG_WARN_DIRECT_OBJC_ISA_USAGE = YES_ERROR;
				CLANG_WARN_DOCUMENTATION_COMMENTS = YES;
				CLANG_WARN_EMPTY_BODY = YES;
				CLANG_WARN_ENUM_CONVERSION = YES;
				CLANG_WARN_INFINITE_RECURSION = YES;
				CLANG_WARN_INT_CONVERSION = YES;
				CLANG_WARN_NON_LITERAL_NULL_CONVERSION = YES;
				CLANG_WARN_OBJC_IMPLICIT_RETAIN_SELF = YES;
				CLANG_WARN_OBJC_LITERAL_CONVERSION = YES;
				CLANG_WARN_OBJC_ROOT_CLASS = YES_ERROR;
				CLANG_WARN_QUOTED_INCLUDE_IN_FRAMEWORK_HEADER = YES;
				CLANG_WARN_RANGE_LOOP_ANALYSIS = YES;
				CLANG_WARN_STRICT_PROTOTYPES = YES;
				CLANG_WARN_SUSPICIOUS_MOVE = YES;
				CLANG_WARN_UNGUARDED_AVAILABILITY = YES_AGGRESSIVE;
				CLANG_WARN_UNREACHABLE_CODE = YES;
				CLANG_WARN__DUPLICATE_METHOD_MATCH = YES;
				COPY_PHASE_STRIP = NO;
				DEBUG_INFORMATION_FORMAT = "dwarf-with-dsym";
				ENABLE_NS_ASSERTIONS = NO;
				ENABLE_STRICT_OBJC_MSGSEND = YES;
				GCC_C_LANGUAGE_STANDARD = gnu11;
				GCC_NO_COMMON_BLOCKS = YES;
				GCC_WARN_64_TO_32_BIT_CONVERSION = YES;
				GCC_WARN_ABOUT_RETURN_TYPE = YES_ERROR;
				GCC_WARN_UNDECLARED_SELECTOR = YES;
				GCC_WARN_UNINITIALIZED_AUTOS = YES_AGGRESSIVE;
				GCC_WARN_UNUSED_FUNCTION = YES;
				GCC_WARN_UNUSED_VARIABLE = YES;
				IPHONEOS_DEPLOYMENT_TARGET = 16.1;
				MTL_ENABLE_DEBUG_INFO = NO;
				MTL_FAST_MATH = YES;
				SDKROOT = iphoneos;
				SWIFT_COMPILATION_MODE = wholemodule;
				SWIFT_OPTIMIZATION_LEVEL = "-O";
				VALIDATE_PRODUCT = YES;
			};
			name = Release;
		};
		E41EBDB3292C79FA00FB3402 /* Debug */ = {
			isa = XCBuildConfiguration;
			buildSettings = {
				ASSETCATALOG_COMPILER_APPICON_NAME = AppIcon;
				ASSETCATALOG_COMPILER_GLOBAL_ACCENT_COLOR_NAME = AccentColor;
				CODE_SIGN_STYLE = Automatic;
				CURRENT_PROJECT_VERSION = 1;
				DEVELOPMENT_TEAM = 4G96725NK5;
				GENERATE_INFOPLIST_FILE = YES;
				INFOPLIST_FILE = Sources/Example/Info.plist;
				INFOPLIST_KEY_UIApplicationSupportsIndirectInputEvents = YES;
				INFOPLIST_KEY_UILaunchStoryboardName = LaunchScreen;
				INFOPLIST_KEY_UIMainStoryboardFile = Main;
				INFOPLIST_KEY_UISupportedInterfaceOrientations_iPad = "UIInterfaceOrientationPortrait UIInterfaceOrientationPortraitUpsideDown UIInterfaceOrientationLandscapeLeft UIInterfaceOrientationLandscapeRight";
				INFOPLIST_KEY_UISupportedInterfaceOrientations_iPhone = "UIInterfaceOrientationPortrait UIInterfaceOrientationLandscapeLeft UIInterfaceOrientationLandscapeRight";
				IPHONEOS_DEPLOYMENT_TARGET = 16.0;
				LD_RUNPATH_SEARCH_PATHS = (
					"$(inherited)",
					"@executable_path/Frameworks",
				);
				MARKETING_VERSION = 1.0;
				PRODUCT_BUNDLE_IDENTIFIER = com.SheetInteraction;
				PRODUCT_NAME = "$(TARGET_NAME)";
				SWIFT_EMIT_LOC_STRINGS = YES;
				SWIFT_VERSION = 5.0;
				TARGETED_DEVICE_FAMILY = "1,2";
			};
			name = Debug;
		};
		E41EBDB4292C79FA00FB3402 /* Release */ = {
			isa = XCBuildConfiguration;
			buildSettings = {
				ASSETCATALOG_COMPILER_APPICON_NAME = AppIcon;
				ASSETCATALOG_COMPILER_GLOBAL_ACCENT_COLOR_NAME = AccentColor;
				CODE_SIGN_STYLE = Automatic;
				CURRENT_PROJECT_VERSION = 1;
				DEVELOPMENT_TEAM = 4G96725NK5;
				GENERATE_INFOPLIST_FILE = YES;
				INFOPLIST_FILE = Sources/Example/Info.plist;
				INFOPLIST_KEY_UIApplicationSupportsIndirectInputEvents = YES;
				INFOPLIST_KEY_UILaunchStoryboardName = LaunchScreen;
				INFOPLIST_KEY_UIMainStoryboardFile = Main;
				INFOPLIST_KEY_UISupportedInterfaceOrientations_iPad = "UIInterfaceOrientationPortrait UIInterfaceOrientationPortraitUpsideDown UIInterfaceOrientationLandscapeLeft UIInterfaceOrientationLandscapeRight";
				INFOPLIST_KEY_UISupportedInterfaceOrientations_iPhone = "UIInterfaceOrientationPortrait UIInterfaceOrientationLandscapeLeft UIInterfaceOrientationLandscapeRight";
				IPHONEOS_DEPLOYMENT_TARGET = 16.0;
				LD_RUNPATH_SEARCH_PATHS = (
					"$(inherited)",
					"@executable_path/Frameworks",
				);
				MARKETING_VERSION = 1.0;
				PRODUCT_BUNDLE_IDENTIFIER = com.SheetInteraction;
				PRODUCT_NAME = "$(TARGET_NAME)";
				SWIFT_EMIT_LOC_STRINGS = YES;
				SWIFT_VERSION = 5.0;
				TARGETED_DEVICE_FAMILY = "1,2";
			};
			name = Release;
		};
		E486124A294D3DFE00E47E7D /* Debug */ = {
			isa = XCBuildConfiguration;
			buildSettings = {
				CLANG_ENABLE_MODULES = YES;
				CODE_SIGN_STYLE = Automatic;
				CURRENT_PROJECT_VERSION = 1;
				DEFINES_MODULE = YES;
				DEVELOPMENT_TEAM = 4G96725NK5;
				DYLIB_COMPATIBILITY_VERSION = 1;
				DYLIB_CURRENT_VERSION = 1;
				DYLIB_INSTALL_NAME_BASE = "@rpath";
				GENERATE_INFOPLIST_FILE = YES;
				INFOPLIST_KEY_NSHumanReadableCopyright = "";
				INSTALL_PATH = "$(LOCAL_LIBRARY_DIR)/Frameworks";
				IPHONEOS_DEPLOYMENT_TARGET = 16.0;
				LD_RUNPATH_SEARCH_PATHS = (
					"@executable_path/Frameworks",
					"@loader_path/Frameworks",
				);
				"LD_RUNPATH_SEARCH_PATHS[sdk=macosx*]" = (
					"@executable_path/../Frameworks",
					"@loader_path/Frameworks",
				);
				MACOSX_DEPLOYMENT_TARGET = 12.6;
				MARKETING_VERSION = 1.0;
				PRODUCT_BUNDLE_IDENTIFIER = "com.bosco.ho.SheetInteraction-SPM";
				PRODUCT_NAME = "$(TARGET_NAME:c99extidentifier)";
				SDKROOT = auto;
				SKIP_INSTALL = YES;
				SUPPORTED_PLATFORMS = "iphoneos iphonesimulator macosx";
				SWIFT_EMIT_LOC_STRINGS = YES;
				SWIFT_OPTIMIZATION_LEVEL = "-Onone";
				SWIFT_VERSION = 5.0;
				TARGETED_DEVICE_FAMILY = "1,2";
				VERSIONING_SYSTEM = "apple-generic";
				VERSION_INFO_PREFIX = "";
			};
			name = Debug;
		};
		E486124B294D3DFE00E47E7D /* Release */ = {
			isa = XCBuildConfiguration;
			buildSettings = {
				CLANG_ENABLE_MODULES = YES;
				CODE_SIGN_STYLE = Automatic;
				CURRENT_PROJECT_VERSION = 1;
				DEFINES_MODULE = YES;
				DEVELOPMENT_TEAM = 4G96725NK5;
				DYLIB_COMPATIBILITY_VERSION = 1;
				DYLIB_CURRENT_VERSION = 1;
				DYLIB_INSTALL_NAME_BASE = "@rpath";
				GENERATE_INFOPLIST_FILE = YES;
				INFOPLIST_KEY_NSHumanReadableCopyright = "";
				INSTALL_PATH = "$(LOCAL_LIBRARY_DIR)/Frameworks";
				IPHONEOS_DEPLOYMENT_TARGET = 16.0;
				LD_RUNPATH_SEARCH_PATHS = (
					"@executable_path/Frameworks",
					"@loader_path/Frameworks",
				);
				"LD_RUNPATH_SEARCH_PATHS[sdk=macosx*]" = (
					"@executable_path/../Frameworks",
					"@loader_path/Frameworks",
				);
				MACOSX_DEPLOYMENT_TARGET = 12.6;
				MARKETING_VERSION = 1.0;
				PRODUCT_BUNDLE_IDENTIFIER = "com.bosco.ho.SheetInteraction-SPM";
				PRODUCT_NAME = "$(TARGET_NAME:c99extidentifier)";
				SDKROOT = auto;
				SKIP_INSTALL = YES;
				SUPPORTED_PLATFORMS = "iphoneos iphonesimulator macosx";
				SWIFT_EMIT_LOC_STRINGS = YES;
				SWIFT_VERSION = 5.0;
				TARGETED_DEVICE_FAMILY = "1,2";
				VERSIONING_SYSTEM = "apple-generic";
				VERSION_INFO_PREFIX = "";
			};
			name = Release;
		};
/* End XCBuildConfiguration section */

/* Begin XCConfigurationList section */
		E41EBD99292C79F800FB3402 /* Build configuration list for PBXProject "SheetInteraction" */ = {
			isa = XCConfigurationList;
			buildConfigurations = (
				E41EBDB0292C79FA00FB3402 /* Debug */,
				E41EBDB1292C79FA00FB3402 /* Release */,
			);
			defaultConfigurationIsVisible = 0;
			defaultConfigurationName = Release;
		};
		E41EBDB2292C79FA00FB3402 /* Build configuration list for PBXNativeTarget "SheetInteraction" */ = {
			isa = XCConfigurationList;
			buildConfigurations = (
				E41EBDB3292C79FA00FB3402 /* Debug */,
				E41EBDB4292C79FA00FB3402 /* Release */,
			);
			defaultConfigurationIsVisible = 0;
			defaultConfigurationName = Release;
		};
		E4861249294D3DFE00E47E7D /* Build configuration list for PBXNativeTarget "SheetInteraction-SPM" */ = {
			isa = XCConfigurationList;
			buildConfigurations = (
				E486124A294D3DFE00E47E7D /* Debug */,
				E486124B294D3DFE00E47E7D /* Release */,
			);
			defaultConfigurationIsVisible = 0;
			defaultConfigurationName = Release;
		};
/* End XCConfigurationList section */
	};
	rootObject = E41EBD96292C79F800FB3402 /* Project object */;
}
